
Microsoft Visual Studio Solution File, Format Version 12.00
# Visual Studio Version 17
VisualStudioVersion = 17.4.33205.214
MinimumVisualStudioVersion = 10.0.40219.1
Project("{FAE04EC0-301F-11D3-BF4B-00C04F79EFBC}") = "SignalRDemo", "SignalRDemo\SignalRDemo.csproj", "{179B4D07-AA34-4B9E-9312-B58D1E1ED365}"
EndProject
Global
	GlobalSection(SolutionConfigurationPlatforms) = preSolution
		Debug|Any CPU = Debug|Any CPU
		Release|Any CPU = Release|Any CPU
	EndGlobalSection
	GlobalSection(ProjectConfigurationPlatforms) = postSolution
		{179B4D07-AA34-4B9E-9312-B58D1E1ED365}.Debug|Any CPU.ActiveCfg = Debug|Any CPU
		{179B4D07-AA34-4B9E-9312-B58D1E1ED365}.Debug|Any CPU.Build.0 = Debug|Any CPU
		{179B4D07-AA34-4B9E-9312-B58D1E1ED365}.Release|Any CPU.ActiveCfg = Release|Any CPU
		{179B4D07-AA34-4B9E-9312-B58D1E1ED365}.Release|Any CPU.Build.0 = Release|Any CPU
	EndGlobalSection
	GlobalSection(SolutionProperties) = preSolution
		HideSolutionNode = FALSE
	EndGlobalSection
	GlobalSection(ExtensibilityGlobals) = postSolution
		SolutionGuid = {6BE03A45-6312-4EAB-A97D-63A6F3D72998}
	EndGlobalSection
EndGlobal
